
Microsoft Visual Studio Solution File, Format Version 12.00
# Visual Studio 15
VisualStudioVersion = 15.0.27703.2047
MinimumVisualStudioVersion = 10.0.40219.1
Project("{FAE04EC0-301F-11D3-BF4B-00C04F79EFBC}") = "DIContainer", "DIContainer\DIContainer.csproj", "{BD62A187-21C7-4D43-ABA1-96C53DD3078E}"
EndProject
Project("{FAE04EC0-301F-11D3-BF4B-00C04F79EFBC}") = "DIContainerTests", "DIContainerTests\DIContainerTests.csproj", "{80975313-C453-4046-B717-4EC5856C5E58}"
EndProject
Global
	GlobalSection(SolutionConfigurationPlatforms) = preSolution
		Debug|Any CPU = Debug|Any CPU
		Debug|ARM = Debug|ARM
		Debug|x64 = Debug|x64
		Debug|x86 = Debug|x86
		Release|Any CPU = Release|Any CPU
		Release|ARM = Release|ARM
		Release|x64 = Release|x64
		Release|x86 = Release|x86
	EndGlobalSection
	GlobalSection(ProjectConfigurationPlatforms) = postSolution
		{BD62A187-21C7-4D43-ABA1-96C53DD3078E}.Debug|Any CPU.ActiveCfg = Debug|Any CPU
		{BD62A187-21C7-4D43-ABA1-96C53DD3078E}.Debug|Any CPU.Build.0 = Debug|Any CPU
		{BD62A187-21C7-4D43-ABA1-96C53DD3078E}.Debug|ARM.ActiveCfg = Debug|Any CPU
		{BD62A187-21C7-4D43-ABA1-96C53DD3078E}.Debug|ARM.Build.0 = Debug|Any CPU
		{BD62A187-21C7-4D43-ABA1-96C53DD3078E}.Debug|x64.ActiveCfg = Debug|Any CPU
		{BD62A187-21C7-4D43-ABA1-96C53DD3078E}.Debug|x64.Build.0 = Debug|Any CPU
		{BD62A187-21C7-4D43-ABA1-96C53DD3078E}.Debug|x86.ActiveCfg = Debug|Any CPU
		{BD62A187-21C7-4D43-ABA1-96C53DD3078E}.Debug|x86.Build.0 = Debug|Any CPU
		{BD62A187-21C7-4D43-ABA1-96C53DD3078E}.Release|Any CPU.ActiveCfg = Release|Any CPU
		{BD62A187-21C7-4D43-ABA1-96C53DD3078E}.Release|Any CPU.Build.0 = Release|Any CPU
		{BD62A187-21C7-4D43-ABA1-96C53DD3078E}.Release|ARM.ActiveCfg = Release|Any CPU
		{BD62A187-21C7-4D43-ABA1-96C53DD3078E}.Release|ARM.Build.0 = Release|Any CPU
		{BD62A187-21C7-4D43-ABA1-96C53DD3078E}.Release|x64.ActiveCfg = Release|Any CPU
		{BD62A187-21C7-4D43-ABA1-96C53DD3078E}.Release|x64.Build.0 = Release|Any CPU
		{BD62A187-21C7-4D43-ABA1-96C53DD3078E}.Release|x86.ActiveCfg = Release|Any CPU
		{BD62A187-21C7-4D43-ABA1-96C53DD3078E}.Release|x86.Build.0 = Release|Any CPU
		{80975313-C453-4046-B717-4EC5856C5E58}.Debug|Any CPU.ActiveCfg = Debug|Any CPU
		{80975313-C453-4046-B717-4EC5856C5E58}.Debug|Any CPU.Build.0 = Debug|Any CPU
		{80975313-C453-4046-B717-4EC5856C5E58}.Debug|ARM.ActiveCfg = Debug|Any CPU
		{80975313-C453-4046-B717-4EC5856C5E58}.Debug|ARM.Build.0 = Debug|Any CPU
		{80975313-C453-4046-B717-4EC5856C5E58}.Debug|x64.ActiveCfg = Debug|Any CPU
		{80975313-C453-4046-B717-4EC5856C5E58}.Debug|x64.Build.0 = Debug|Any CPU
		{80975313-C453-4046-B717-4EC5856C5E58}.Debug|x86.ActiveCfg = Debug|Any CPU
		{80975313-C453-4046-B717-4EC5856C5E58}.Debug|x86.Build.0 = Debug|Any CPU
		{80975313-C453-4046-B717-4EC5856C5E58}.Release|Any CPU.ActiveCfg = Release|Any CPU
		{80975313-C453-4046-B717-4EC5856C5E58}.Release|Any CPU.Build.0 = Release|Any CPU
		{80975313-C453-4046-B717-4EC5856C5E58}.Release|ARM.ActiveCfg = Release|Any CPU
		{80975313-C453-4046-B717-4EC5856C5E58}.Release|ARM.Build.0 = Release|Any CPU
		{80975313-C453-4046-B717-4EC5856C5E58}.Release|x64.ActiveCfg = Release|Any CPU
		{80975313-C453-4046-B717-4EC5856C5E58}.Release|x64.Build.0 = Release|Any CPU
		{80975313-C453-4046-B717-4EC5856C5E58}.Release|x86.ActiveCfg = Release|Any CPU
		{80975313-C453-4046-B717-4EC5856C5E58}.Release|x86.Build.0 = Release|Any CPU
	EndGlobalSection
	GlobalSection(SolutionProperties) = preSolution
		HideSolutionNode = FALSE
	EndGlobalSection
	GlobalSection(ExtensibilityGlobals) = postSolution
		SolutionGuid = {69A8D955-F295-4BD1-83C3-199E41DD6C5C}
	EndGlobalSection
EndGlobal
